
Microsoft Visual Studio Solution File, Format Version 12.00
# Visual Studio 15
VisualStudioVersion = 15.0.27703.2018
MinimumVisualStudioVersion = 10.0.40219.1
Project("{FAE04EC0-301F-11D3-BF4B-00C04F79EFBC}") = "Packing", "Packing\Packing.csproj", "{5F231C02-5696-45EE-9345-42AFE8916B61}"
EndProject
Project("{FAE04EC0-301F-11D3-BF4B-00C04F79EFBC}") = "Negocio", "Negocio\Negocio.csproj", "{8682C6C6-2878-4D0C-AC11-01CBEBC56666}"
EndProject
Project("{FAE04EC0-301F-11D3-BF4B-00C04F79EFBC}") = "Datos", "Datos\Datos.csproj", "{6EFFFBBD-47EE-40D6-AD75-1CDF0B00A740}"
EndProject
Project("{FAE04EC0-301F-11D3-BF4B-00C04F79EFBC}") = "Entity", "Entity\Entity.csproj", "{1620F766-1D10-49EA-B7E1-A423C8B2EC0C}"
EndProject
Project("{FAE04EC0-301F-11D3-BF4B-00C04F79EFBC}") = "Clases.Impresion", "Clases.Impresion\Clases.Impresion.csproj", "{C348CFF6-1C96-4976-8411-287762547E0A}"
EndProject
Global
	GlobalSection(SolutionConfigurationPlatforms) = preSolution
		Debug|Any CPU = Debug|Any CPU
		Release|Any CPU = Release|Any CPU
	EndGlobalSection
	GlobalSection(ProjectConfigurationPlatforms) = postSolution
		{5F231C02-5696-45EE-9345-42AFE8916B61}.Debug|Any CPU.ActiveCfg = Debug|Any CPU
		{5F231C02-5696-45EE-9345-42AFE8916B61}.Debug|Any CPU.Build.0 = Debug|Any CPU
		{5F231C02-5696-45EE-9345-42AFE8916B61}.Release|Any CPU.ActiveCfg = Release|Any CPU
		{5F231C02-5696-45EE-9345-42AFE8916B61}.Release|Any CPU.Build.0 = Release|Any CPU
		{8682C6C6-2878-4D0C-AC11-01CBEBC56666}.Debug|Any CPU.ActiveCfg = Debug|Any CPU
		{8682C6C6-2878-4D0C-AC11-01CBEBC56666}.Debug|Any CPU.Build.0 = Debug|Any CPU
		{8682C6C6-2878-4D0C-AC11-01CBEBC56666}.Release|Any CPU.ActiveCfg = Release|Any CPU
		{8682C6C6-2878-4D0C-AC11-01CBEBC56666}.Release|Any CPU.Build.0 = Release|Any CPU
		{6EFFFBBD-47EE-40D6-AD75-1CDF0B00A740}.Debug|Any CPU.ActiveCfg = Debug|Any CPU
		{6EFFFBBD-47EE-40D6-AD75-1CDF0B00A740}.Debug|Any CPU.Build.0 = Debug|Any CPU
		{6EFFFBBD-47EE-40D6-AD75-1CDF0B00A740}.Release|Any CPU.ActiveCfg = Release|Any CPU
		{6EFFFBBD-47EE-40D6-AD75-1CDF0B00A740}.Release|Any CPU.Build.0 = Release|Any CPU
		{1620F766-1D10-49EA-B7E1-A423C8B2EC0C}.Debug|Any CPU.ActiveCfg = Debug|Any CPU
		{1620F766-1D10-49EA-B7E1-A423C8B2EC0C}.Debug|Any CPU.Build.0 = Debug|Any CPU
		{1620F766-1D10-49EA-B7E1-A423C8B2EC0C}.Release|Any CPU.ActiveCfg = Release|Any CPU
		{1620F766-1D10-49EA-B7E1-A423C8B2EC0C}.Release|Any CPU.Build.0 = Release|Any CPU
		{C348CFF6-1C96-4976-8411-287762547E0A}.Debug|Any CPU.ActiveCfg = Debug|Any CPU
		{C348CFF6-1C96-4976-8411-287762547E0A}.Debug|Any CPU.Build.0 = Debug|Any CPU
		{C348CFF6-1C96-4976-8411-287762547E0A}.Release|Any CPU.ActiveCfg = Release|Any CPU
		{C348CFF6-1C96-4976-8411-287762547E0A}.Release|Any CPU.Build.0 = Release|Any CPU
	EndGlobalSection
	GlobalSection(SolutionProperties) = preSolution
		HideSolutionNode = FALSE
	EndGlobalSection
	GlobalSection(ExtensibilityGlobals) = postSolution
		SolutionGuid = {7C9CD56A-1B76-454A-AEDE-ABD7E482E74E}
	EndGlobalSection
EndGlobal
